// !$*UTF8*$!
{
	archiveVersion = 1;
	classes = {
	};
	objectVersion = 48;
	objects = {

/* Begin PBXBuildFile section */
		A259D9F0CDCEB2B713EC8635 /* Pods_musicApp.framework in Frameworks */ = {isa = PBXBuildFile; fileRef = 5293BC9051E70A80A39E2C33 /* Pods_musicApp.framework */; };
		D4A021C44FE91DCCBE80D2EF /* Pods_musicAppTests.framework in Frameworks */ = {isa = PBXBuildFile; fileRef = 8DA3B576732A5B0B64217217 /* Pods_musicAppTests.framework */; };
		F5C8EEB25DA4902032475025 /* Pods_musicAppUITests.framework in Frameworks */ = {isa = PBXBuildFile; fileRef = D8BC22A327470DF20CBDCD91 /* Pods_musicAppUITests.framework */; };
		F6B30EE51F7786C000DAD8D6 /* ViewController.swift in Sources */ = {isa = PBXBuildFile; fileRef = F6B30EE41F7786C000DAD8D6 /* ViewController.swift */; };
		F6B30EE81F7786C000DAD8D6 /* Main.storyboard in Resources */ = {isa = PBXBuildFile; fileRef = F6B30EE61F7786C000DAD8D6 /* Main.storyboard */; };
		F6B30EEB1F7786C000DAD8D6 /* musicApp.xcdatamodeld in Sources */ = {isa = PBXBuildFile; fileRef = F6B30EE91F7786C000DAD8D6 /* musicApp.xcdatamodeld */; };
		F6B30EED1F7786C000DAD8D6 /* Assets.xcassets in Resources */ = {isa = PBXBuildFile; fileRef = F6B30EEC1F7786C000DAD8D6 /* Assets.xcassets */; };
		F6B30EF01F7786C000DAD8D6 /* LaunchScreen.storyboard in Resources */ = {isa = PBXBuildFile; fileRef = F6B30EEE1F7786C000DAD8D6 /* LaunchScreen.storyboard */; };
		F6B30EFB1F7786C000DAD8D6 /* musicAppTests.swift in Sources */ = {isa = PBXBuildFile; fileRef = F6B30EFA1F7786C000DAD8D6 /* musicAppTests.swift */; };
		F6B30F061F7786C000DAD8D6 /* musicAppUITests.swift in Sources */ = {isa = PBXBuildFile; fileRef = F6B30F051F7786C000DAD8D6 /* musicAppUITests.swift */; };
		F6B30F151F79192E00DAD8D6 /* ArticleViewController.swift in Sources */ = {isa = PBXBuildFile; fileRef = F6B30F141F79192E00DAD8D6 /* ArticleViewController.swift */; };
		F6B30F191F7930B600DAD8D6 /* GoogleService-Info.plist in Resources */ = {isa = PBXBuildFile; fileRef = F6B30F181F7930AF00DAD8D6 /* GoogleService-Info.plist */; };
		F6B30F1B1F7CE85000DAD8D6 /* PostUrlViewController.swift in Sources */ = {isa = PBXBuildFile; fileRef = F6B30F1A1F7CE85000DAD8D6 /* PostUrlViewController.swift */; };
		F6B30F1D1F80BA3D00DAD8D6 /* Article.swift in Sources */ = {isa = PBXBuildFile; fileRef = F6B30F1C1F80BA3D00DAD8D6 /* Article.swift */; };
		F6B30F231F83A9A200DAD8D6 /* AppDelegate.swift in Sources */ = {isa = PBXBuildFile; fileRef = F6B30EE21F7786C000DAD8D6 /* AppDelegate.swift */; };
		F6B30F241F83A9A200DAD8D6 /* AppDelegate.swift in Sources */ = {isa = PBXBuildFile; fileRef = F6B30EE21F7786C000DAD8D6 /* AppDelegate.swift */; };
		F6B30F251F83A9A400DAD8D6 /* AppDelegate.swift in Sources */ = {isa = PBXBuildFile; fileRef = F6B30EE21F7786C000DAD8D6 /* AppDelegate.swift */; };
/* End PBXBuildFile section */

/* Begin PBXContainerItemProxy section */
		F6B30EF71F7786C000DAD8D6 /* PBXContainerItemProxy */ = {
			isa = PBXContainerItemProxy;
			containerPortal = F6B30ED71F7786C000DAD8D6 /* Project object */;
			proxyType = 1;
			remoteGlobalIDString = F6B30EDE1F7786C000DAD8D6;
			remoteInfo = musicApp;
		};
		F6B30F021F7786C000DAD8D6 /* PBXContainerItemProxy */ = {
			isa = PBXContainerItemProxy;
			containerPortal = F6B30ED71F7786C000DAD8D6 /* Project object */;
			proxyType = 1;
			remoteGlobalIDString = F6B30EDE1F7786C000DAD8D6;
			remoteInfo = musicApp;
		};
/* End PBXContainerItemProxy section */

/* Begin PBXFileReference section */
		0A07639114DD22A439F73AB0 /* Pods-musicAppTests.release.xcconfig */ = {isa = PBXFileReference; includeInIndex = 1; lastKnownFileType = text.xcconfig; name = "Pods-musicAppTests.release.xcconfig"; path = "Pods/Target Support Files/Pods-musicAppTests/Pods-musicAppTests.release.xcconfig"; sourceTree = "<group>"; };
		14CEAA6CADC644B5FF4521CF /* Pods-musicAppUITests.debug.xcconfig */ = {isa = PBXFileReference; includeInIndex = 1; lastKnownFileType = text.xcconfig; name = "Pods-musicAppUITests.debug.xcconfig"; path = "Pods/Target Support Files/Pods-musicAppUITests/Pods-musicAppUITests.debug.xcconfig"; sourceTree = "<group>"; };
		2768DD0A6E2DEE5A8FC7E5A6 /* Pods-musicAppUITests.release.xcconfig */ = {isa = PBXFileReference; includeInIndex = 1; lastKnownFileType = text.xcconfig; name = "Pods-musicAppUITests.release.xcconfig"; path = "Pods/Target Support Files/Pods-musicAppUITests/Pods-musicAppUITests.release.xcconfig"; sourceTree = "<group>"; };
		4E9C53BEDC09CD0251A67C20 /* Pods-musicApp.debug.xcconfig */ = {isa = PBXFileReference; includeInIndex = 1; lastKnownFileType = text.xcconfig; name = "Pods-musicApp.debug.xcconfig"; path = "Pods/Target Support Files/Pods-musicApp/Pods-musicApp.debug.xcconfig"; sourceTree = "<group>"; };
		5293BC9051E70A80A39E2C33 /* Pods_musicApp.framework */ = {isa = PBXFileReference; explicitFileType = wrapper.framework; includeInIndex = 0; path = Pods_musicApp.framework; sourceTree = BUILT_PRODUCTS_DIR; };
		8DA3B576732A5B0B64217217 /* Pods_musicAppTests.framework */ = {isa = PBXFileReference; explicitFileType = wrapper.framework; includeInIndex = 0; path = Pods_musicAppTests.framework; sourceTree = BUILT_PRODUCTS_DIR; };
		A4C8331E9C3C15AA2F20B144 /* Pods-musicAppTests.debug.xcconfig */ = {isa = PBXFileReference; includeInIndex = 1; lastKnownFileType = text.xcconfig; name = "Pods-musicAppTests.debug.xcconfig"; path = "Pods/Target Support Files/Pods-musicAppTests/Pods-musicAppTests.debug.xcconfig"; sourceTree = "<group>"; };
		D8BC22A327470DF20CBDCD91 /* Pods_musicAppUITests.framework */ = {isa = PBXFileReference; explicitFileType = wrapper.framework; includeInIndex = 0; path = Pods_musicAppUITests.framework; sourceTree = BUILT_PRODUCTS_DIR; };
		F6B30EDF1F7786C000DAD8D6 /* musicApp.app */ = {isa = PBXFileReference; explicitFileType = wrapper.application; includeInIndex = 0; path = musicApp.app; sourceTree = BUILT_PRODUCTS_DIR; };
		F6B30EE21F7786C000DAD8D6 /* AppDelegate.swift */ = {isa = PBXFileReference; lastKnownFileType = sourcecode.swift; path = AppDelegate.swift; sourceTree = "<group>"; };
		F6B30EE41F7786C000DAD8D6 /* ViewController.swift */ = {isa = PBXFileReference; lastKnownFileType = sourcecode.swift; path = ViewController.swift; sourceTree = "<group>"; };
		F6B30EE71F7786C000DAD8D6 /* Base */ = {isa = PBXFileReference; lastKnownFileType = file.storyboard; name = Base; path = Base.lproj/Main.storyboard; sourceTree = "<group>"; };
		F6B30EEA1F7786C000DAD8D6 /* musicApp.xcdatamodel */ = {isa = PBXFileReference; lastKnownFileType = wrapper.xcdatamodel; path = musicApp.xcdatamodel; sourceTree = "<group>"; };
		F6B30EEC1F7786C000DAD8D6 /* Assets.xcassets */ = {isa = PBXFileReference; lastKnownFileType = folder.assetcatalog; path = Assets.xcassets; sourceTree = "<group>"; };
		F6B30EEF1F7786C000DAD8D6 /* Base */ = {isa = PBXFileReference; lastKnownFileType = file.storyboard; name = Base; path = Base.lproj/LaunchScreen.storyboard; sourceTree = "<group>"; };
		F6B30EF11F7786C000DAD8D6 /* Info.plist */ = {isa = PBXFileReference; lastKnownFileType = text.plist.xml; path = Info.plist; sourceTree = "<group>"; };
		F6B30EF61F7786C000DAD8D6 /* musicAppTests.xctest */ = {isa = PBXFileReference; explicitFileType = wrapper.cfbundle; includeInIndex = 0; path = musicAppTests.xctest; sourceTree = BUILT_PRODUCTS_DIR; };
		F6B30EFA1F7786C000DAD8D6 /* musicAppTests.swift */ = {isa = PBXFileReference; lastKnownFileType = sourcecode.swift; path = musicAppTests.swift; sourceTree = "<group>"; };
		F6B30EFC1F7786C000DAD8D6 /* Info.plist */ = {isa = PBXFileReference; lastKnownFileType = text.plist.xml; path = Info.plist; sourceTree = "<group>"; };
		F6B30F011F7786C000DAD8D6 /* musicAppUITests.xctest */ = {isa = PBXFileReference; explicitFileType = wrapper.cfbundle; includeInIndex = 0; path = musicAppUITests.xctest; sourceTree = BUILT_PRODUCTS_DIR; };
		F6B30F051F7786C000DAD8D6 /* musicAppUITests.swift */ = {isa = PBXFileReference; lastKnownFileType = sourcecode.swift; path = musicAppUITests.swift; sourceTree = "<group>"; };
		F6B30F071F7786C000DAD8D6 /* Info.plist */ = {isa = PBXFileReference; lastKnownFileType = text.plist.xml; path = Info.plist; sourceTree = "<group>"; };
		F6B30F141F79192E00DAD8D6 /* ArticleViewController.swift */ = {isa = PBXFileReference; lastKnownFileType = sourcecode.swift; path = ArticleViewController.swift; sourceTree = "<group>"; };
		F6B30F181F7930AF00DAD8D6 /* GoogleService-Info.plist */ = {isa = PBXFileReference; lastKnownFileType = text.plist.xml; path = "GoogleService-Info.plist"; sourceTree = "<group>"; };
		F6B30F1A1F7CE85000DAD8D6 /* PostUrlViewController.swift */ = {isa = PBXFileReference; lastKnownFileType = sourcecode.swift; path = PostUrlViewController.swift; sourceTree = "<group>"; };
		F6B30F1C1F80BA3D00DAD8D6 /* Article.swift */ = {isa = PBXFileReference; lastKnownFileType = sourcecode.swift; path = Article.swift; sourceTree = "<group>"; };
		FBB351DB8EE2E0D28DB8D72F /* Pods-musicApp.release.xcconfig */ = {isa = PBXFileReference; includeInIndex = 1; lastKnownFileType = text.xcconfig; name = "Pods-musicApp.release.xcconfig"; path = "Pods/Target Support Files/Pods-musicApp/Pods-musicApp.release.xcconfig"; sourceTree = "<group>"; };
/* End PBXFileReference section */

/* Begin PBXFrameworksBuildPhase section */
		F6B30EDC1F7786C000DAD8D6 /* Frameworks */ = {
			isa = PBXFrameworksBuildPhase;
			buildActionMask = 2147483647;
			files = (
				A259D9F0CDCEB2B713EC8635 /* Pods_musicApp.framework in Frameworks */,
			);
			runOnlyForDeploymentPostprocessing = 0;
		};
		F6B30EF31F7786C000DAD8D6 /* Frameworks */ = {
			isa = PBXFrameworksBuildPhase;
			buildActionMask = 2147483647;
			files = (
				D4A021C44FE91DCCBE80D2EF /* Pods_musicAppTests.framework in Frameworks */,
			);
			runOnlyForDeploymentPostprocessing = 0;
		};
		F6B30EFE1F7786C000DAD8D6 /* Frameworks */ = {
			isa = PBXFrameworksBuildPhase;
			buildActionMask = 2147483647;
			files = (
				F5C8EEB25DA4902032475025 /* Pods_musicAppUITests.framework in Frameworks */,
			);
			runOnlyForDeploymentPostprocessing = 0;
		};
/* End PBXFrameworksBuildPhase section */

/* Begin PBXGroup section */
		A7C1374D37E5E8E02EBC2ACE /* Frameworks */ = {
			isa = PBXGroup;
			children = (
				5293BC9051E70A80A39E2C33 /* Pods_musicApp.framework */,
				8DA3B576732A5B0B64217217 /* Pods_musicAppTests.framework */,
				D8BC22A327470DF20CBDCD91 /* Pods_musicAppUITests.framework */,
			);
			name = Frameworks;
			sourceTree = "<group>";
		};
		F395EC9959029C43A7DF8E93 /* Pods */ = {
			isa = PBXGroup;
			children = (
				4E9C53BEDC09CD0251A67C20 /* Pods-musicApp.debug.xcconfig */,
				FBB351DB8EE2E0D28DB8D72F /* Pods-musicApp.release.xcconfig */,
				A4C8331E9C3C15AA2F20B144 /* Pods-musicAppTests.debug.xcconfig */,
				0A07639114DD22A439F73AB0 /* Pods-musicAppTests.release.xcconfig */,
				14CEAA6CADC644B5FF4521CF /* Pods-musicAppUITests.debug.xcconfig */,
				2768DD0A6E2DEE5A8FC7E5A6 /* Pods-musicAppUITests.release.xcconfig */,
			);
			name = Pods;
			sourceTree = "<group>";
		};
		F6B30ED61F7786C000DAD8D6 = {
			isa = PBXGroup;
			children = (
				F6B30EE11F7786C000DAD8D6 /* musicApp */,
				F6B30EF91F7786C000DAD8D6 /* musicAppTests */,
				F6B30F041F7786C000DAD8D6 /* musicAppUITests */,
				F6B30EE01F7786C000DAD8D6 /* Products */,
				F395EC9959029C43A7DF8E93 /* Pods */,
				A7C1374D37E5E8E02EBC2ACE /* Frameworks */,
			);
			sourceTree = "<group>";
		};
		F6B30EE01F7786C000DAD8D6 /* Products */ = {
			isa = PBXGroup;
			children = (
				F6B30EDF1F7786C000DAD8D6 /* musicApp.app */,
				F6B30EF61F7786C000DAD8D6 /* musicAppTests.xctest */,
				F6B30F011F7786C000DAD8D6 /* musicAppUITests.xctest */,
			);
			name = Products;
			sourceTree = "<group>";
		};
		F6B30EE11F7786C000DAD8D6 /* musicApp */ = {
			isa = PBXGroup;
			children = (
				F6B30EE21F7786C000DAD8D6 /* AppDelegate.swift */,
				F6B30EE41F7786C000DAD8D6 /* ViewController.swift */,
				F6B30EE61F7786C000DAD8D6 /* Main.storyboard */,
				F6B30EEC1F7786C000DAD8D6 /* Assets.xcassets */,
				F6B30EEE1F7786C000DAD8D6 /* LaunchScreen.storyboard */,
				F6B30F141F79192E00DAD8D6 /* ArticleViewController.swift */,
				F6B30EF11F7786C000DAD8D6 /* Info.plist */,
				F6B30F181F7930AF00DAD8D6 /* GoogleService-Info.plist */,
				F6B30EE91F7786C000DAD8D6 /* musicApp.xcdatamodeld */,
				F6B30F1A1F7CE85000DAD8D6 /* PostUrlViewController.swift */,
				F6B30F1C1F80BA3D00DAD8D6 /* Article.swift */,
			);
			path = musicApp;
			sourceTree = "<group>";
		};
		F6B30EF91F7786C000DAD8D6 /* musicAppTests */ = {
			isa = PBXGroup;
			children = (
				F6B30EFA1F7786C000DAD8D6 /* musicAppTests.swift */,
				F6B30EFC1F7786C000DAD8D6 /* Info.plist */,
			);
			path = musicAppTests;
			sourceTree = "<group>";
		};
		F6B30F041F7786C000DAD8D6 /* musicAppUITests */ = {
			isa = PBXGroup;
			children = (
				F6B30F051F7786C000DAD8D6 /* musicAppUITests.swift */,
				F6B30F071F7786C000DAD8D6 /* Info.plist */,
			);
			path = musicAppUITests;
			sourceTree = "<group>";
		};
/* End PBXGroup section */

/* Begin PBXNativeTarget section */
		F6B30EDE1F7786C000DAD8D6 /* musicApp */ = {
			isa = PBXNativeTarget;
			buildConfigurationList = F6B30F0A1F7786C100DAD8D6 /* Build configuration list for PBXNativeTarget "musicApp" */;
			buildPhases = (
				7278AA3BF1C8BCAE6DCF84DB /* [CP] Check Pods Manifest.lock */,
				F6B30EDB1F7786C000DAD8D6 /* Sources */,
				F6B30EDC1F7786C000DAD8D6 /* Frameworks */,
				F6B30EDD1F7786C000DAD8D6 /* Resources */,
				D313AE9520D732087F0A66F9 /* [CP] Embed Pods Frameworks */,
				D106E5A4E2B6E2AF483E0771 /* [CP] Copy Pods Resources */,
			);
			buildRules = (
			);
			dependencies = (
			);
			name = musicApp;
			productName = musicApp;
			productReference = F6B30EDF1F7786C000DAD8D6 /* musicApp.app */;
			productType = "com.apple.product-type.application";
		};
		F6B30EF51F7786C000DAD8D6 /* musicAppTests */ = {
			isa = PBXNativeTarget;
			buildConfigurationList = F6B30F0D1F7786C100DAD8D6 /* Build configuration list for PBXNativeTarget "musicAppTests" */;
			buildPhases = (
				BF837B2299EF9EB50A648E28 /* [CP] Check Pods Manifest.lock */,
				F6B30EF21F7786C000DAD8D6 /* Sources */,
				F6B30EF31F7786C000DAD8D6 /* Frameworks */,
				F6B30EF41F7786C000DAD8D6 /* Resources */,
				E8984B760D0B72148BB6B220 /* [CP] Embed Pods Frameworks */,
				2527DAC9312ACCB71FAEF625 /* [CP] Copy Pods Resources */,
			);
			buildRules = (
			);
			dependencies = (
				F6B30EF81F7786C000DAD8D6 /* PBXTargetDependency */,
			);
			name = musicAppTests;
			productName = musicAppTests;
			productReference = F6B30EF61F7786C000DAD8D6 /* musicAppTests.xctest */;
			productType = "com.apple.product-type.bundle.unit-test";
		};
		F6B30F001F7786C000DAD8D6 /* musicAppUITests */ = {
			isa = PBXNativeTarget;
			buildConfigurationList = F6B30F101F7786C100DAD8D6 /* Build configuration list for PBXNativeTarget "musicAppUITests" */;
			buildPhases = (
				F667DD5268A2DB5A374D5892 /* [CP] Check Pods Manifest.lock */,
				F6B30EFD1F7786C000DAD8D6 /* Sources */,
				F6B30EFE1F7786C000DAD8D6 /* Frameworks */,
				F6B30EFF1F7786C000DAD8D6 /* Resources */,
				78874B72596B59F5E7C5FBBC /* [CP] Embed Pods Frameworks */,
				5D868BE6C0D3459C8CF43EE0 /* [CP] Copy Pods Resources */,
			);
			buildRules = (
			);
			dependencies = (
				F6B30F031F7786C000DAD8D6 /* PBXTargetDependency */,
			);
			name = musicAppUITests;
			productName = musicAppUITests;
			productReference = F6B30F011F7786C000DAD8D6 /* musicAppUITests.xctest */;
			productType = "com.apple.product-type.bundle.ui-testing";
		};
/* End PBXNativeTarget section */

/* Begin PBXProject section */
		F6B30ED71F7786C000DAD8D6 /* Project object */ = {
			isa = PBXProject;
			attributes = {
				LastSwiftUpdateCheck = 0900;
				LastUpgradeCheck = 0900;
				ORGANIZATIONNAME = "Junya Kobayashi";
				TargetAttributes = {
					F6B30EDE1F7786C000DAD8D6 = {
						CreatedOnToolsVersion = 9.0;
						ProvisioningStyle = Automatic;
					};
					F6B30EF51F7786C000DAD8D6 = {
						CreatedOnToolsVersion = 9.0;
						ProvisioningStyle = Automatic;
						TestTargetID = F6B30EDE1F7786C000DAD8D6;
					};
					F6B30F001F7786C000DAD8D6 = {
						CreatedOnToolsVersion = 9.0;
						ProvisioningStyle = Automatic;
						TestTargetID = F6B30EDE1F7786C000DAD8D6;
					};
				};
			};
			buildConfigurationList = F6B30EDA1F7786C000DAD8D6 /* Build configuration list for PBXProject "musicApp" */;
			compatibilityVersion = "Xcode 8.0";
			developmentRegion = en;
			hasScannedForEncodings = 0;
			knownRegions = (
				en,
				Base,
			);
			mainGroup = F6B30ED61F7786C000DAD8D6;
			productRefGroup = F6B30EE01F7786C000DAD8D6 /* Products */;
			projectDirPath = "";
			projectRoot = "";
			targets = (
				F6B30EDE1F7786C000DAD8D6 /* musicApp */,
				F6B30EF51F7786C000DAD8D6 /* musicAppTests */,
				F6B30F001F7786C000DAD8D6 /* musicAppUITests */,
			);
		};
/* End PBXProject section */

/* Begin PBXResourcesBuildPhase section */
		F6B30EDD1F7786C000DAD8D6 /* Resources */ = {
			isa = PBXResourcesBuildPhase;
			buildActionMask = 2147483647;
			files = (
				F6B30EF01F7786C000DAD8D6 /* LaunchScreen.storyboard in Resources */,
				F6B30F191F7930B600DAD8D6 /* GoogleService-Info.plist in Resources */,
				F6B30EED1F7786C000DAD8D6 /* Assets.xcassets in Resources */,
				F6B30EE81F7786C000DAD8D6 /* Main.storyboard in Resources */,
			);
			runOnlyForDeploymentPostprocessing = 0;
		};
		F6B30EF41F7786C000DAD8D6 /* Resources */ = {
			isa = PBXResourcesBuildPhase;
			buildActionMask = 2147483647;
			files = (
			);
			runOnlyForDeploymentPostprocessing = 0;
		};
		F6B30EFF1F7786C000DAD8D6 /* Resources */ = {
			isa = PBXResourcesBuildPhase;
			buildActionMask = 2147483647;
			files = (
			);
			runOnlyForDeploymentPostprocessing = 0;
		};
/* End PBXResourcesBuildPhase section */

/* Begin PBXShellScriptBuildPhase section */
		2527DAC9312ACCB71FAEF625 /* [CP] Copy Pods Resources */ = {
			isa = PBXShellScriptBuildPhase;
			buildActionMask = 2147483647;
			files = (
			);
			inputPaths = (
			);
			name = "[CP] Copy Pods Resources";
			outputPaths = (
			);
			runOnlyForDeploymentPostprocessing = 0;
			shellPath = /bin/sh;
			shellScript = "\"${SRCROOT}/Pods/Target Support Files/Pods-musicAppTests/Pods-musicAppTests-resources.sh\"\n";
			showEnvVarsInLog = 0;
		};
		5D868BE6C0D3459C8CF43EE0 /* [CP] Copy Pods Resources */ = {
			isa = PBXShellScriptBuildPhase;
			buildActionMask = 2147483647;
			files = (
			);
			inputPaths = (
			);
			name = "[CP] Copy Pods Resources";
			outputPaths = (
			);
			runOnlyForDeploymentPostprocessing = 0;
			shellPath = /bin/sh;
			shellScript = "\"${SRCROOT}/Pods/Target Support Files/Pods-musicAppUITests/Pods-musicAppUITests-resources.sh\"\n";
			showEnvVarsInLog = 0;
		};
		7278AA3BF1C8BCAE6DCF84DB /* [CP] Check Pods Manifest.lock */ = {
			isa = PBXShellScriptBuildPhase;
			buildActionMask = 2147483647;
			files = (
			);
			inputPaths = (
				"${PODS_PODFILE_DIR_PATH}/Podfile.lock",
				"${PODS_ROOT}/Manifest.lock",
			);
			name = "[CP] Check Pods Manifest.lock";
			outputPaths = (
				"$(DERIVED_FILE_DIR)/Pods-musicApp-checkManifestLockResult.txt",
			);
			runOnlyForDeploymentPostprocessing = 0;
			shellPath = /bin/sh;
			shellScript = "diff \"${PODS_PODFILE_DIR_PATH}/Podfile.lock\" \"${PODS_ROOT}/Manifest.lock\" > /dev/null\nif [ $? != 0 ] ; then\n    # print error to STDERR\n    echo \"error: The sandbox is not in sync with the Podfile.lock. Run 'pod install' or update your CocoaPods installation.\" >&2\n    exit 1\nfi\n# This output is used by Xcode 'outputs' to avoid re-running this script phase.\necho \"SUCCESS\" > \"${SCRIPT_OUTPUT_FILE_0}\"\n";
			showEnvVarsInLog = 0;
		};
		78874B72596B59F5E7C5FBBC /* [CP] Embed Pods Frameworks */ = {
			isa = PBXShellScriptBuildPhase;
			buildActionMask = 2147483647;
			files = (
			);
			inputPaths = (
			);
			name = "[CP] Embed Pods Frameworks";
			outputPaths = (
			);
			runOnlyForDeploymentPostprocessing = 0;
			shellPath = /bin/sh;
			shellScript = "\"${SRCROOT}/Pods/Target Support Files/Pods-musicAppUITests/Pods-musicAppUITests-frameworks.sh\"\n";
			showEnvVarsInLog = 0;
		};
		BF837B2299EF9EB50A648E28 /* [CP] Check Pods Manifest.lock */ = {
			isa = PBXShellScriptBuildPhase;
			buildActionMask = 2147483647;
			files = (
			);
			inputPaths = (
				"${PODS_PODFILE_DIR_PATH}/Podfile.lock",
				"${PODS_ROOT}/Manifest.lock",
			);
			name = "[CP] Check Pods Manifest.lock";
			outputPaths = (
				"$(DERIVED_FILE_DIR)/Pods-musicAppTests-checkManifestLockResult.txt",
			);
			runOnlyForDeploymentPostprocessing = 0;
			shellPath = /bin/sh;
			shellScript = "diff \"${PODS_PODFILE_DIR_PATH}/Podfile.lock\" \"${PODS_ROOT}/Manifest.lock\" > /dev/null\nif [ $? != 0 ] ; then\n    # print error to STDERR\n    echo \"error: The sandbox is not in sync with the Podfile.lock. Run 'pod install' or update your CocoaPods installation.\" >&2\n    exit 1\nfi\n# This output is used by Xcode 'outputs' to avoid re-running this script phase.\necho \"SUCCESS\" > \"${SCRIPT_OUTPUT_FILE_0}\"\n";
			showEnvVarsInLog = 0;
		};
		D106E5A4E2B6E2AF483E0771 /* [CP] Copy Pods Resources */ = {
			isa = PBXShellScriptBuildPhase;
			buildActionMask = 2147483647;
			files = (
			);
			inputPaths = (
			);
			name = "[CP] Copy Pods Resources";
			outputPaths = (
			);
			runOnlyForDeploymentPostprocessing = 0;
			shellPath = /bin/sh;
			shellScript = "\"${SRCROOT}/Pods/Target Support Files/Pods-musicApp/Pods-musicApp-resources.sh\"\n";
			showEnvVarsInLog = 0;
		};
		D313AE9520D732087F0A66F9 /* [CP] Embed Pods Frameworks */ = {
			isa = PBXShellScriptBuildPhase;
			buildActionMask = 2147483647;
			files = (
			);
			inputPaths = (
				"${SRCROOT}/Pods/Target Support Files/Pods-musicApp/Pods-musicApp-frameworks.sh",
				"${BUILT_PRODUCTS_DIR}/GoogleToolboxForMac/GoogleToolboxForMac.framework",
				"${BUILT_PRODUCTS_DIR}/leveldb-library/leveldb.framework",
				"${BUILT_PRODUCTS_DIR}/nanopb/nanopb.framework",
			);
			name = "[CP] Embed Pods Frameworks";
			outputPaths = (
				"${TARGET_BUILD_DIR}/${FRAMEWORKS_FOLDER_PATH}/GoogleToolboxForMac.framework",
				"${TARGET_BUILD_DIR}/${FRAMEWORKS_FOLDER_PATH}/leveldb.framework",
				"${TARGET_BUILD_DIR}/${FRAMEWORKS_FOLDER_PATH}/nanopb.framework",
			);
			runOnlyForDeploymentPostprocessing = 0;
			shellPath = /bin/sh;
			shellScript = "\"${SRCROOT}/Pods/Target Support Files/Pods-musicApp/Pods-musicApp-frameworks.sh\"\n";
			showEnvVarsInLog = 0;
		};
		E8984B760D0B72148BB6B220 /* [CP] Embed Pods Frameworks */ = {
			isa = PBXShellScriptBuildPhase;
			buildActionMask = 2147483647;
			files = (
			);
			inputPaths = (
			);
			name = "[CP] Embed Pods Frameworks";
			outputPaths = (
			);
			runOnlyForDeploymentPostprocessing = 0;
			shellPath = /bin/sh;
			shellScript = "\"${SRCROOT}/Pods/Target Support Files/Pods-musicAppTests/Pods-musicAppTests-frameworks.sh\"\n";
			showEnvVarsInLog = 0;
		};
		F667DD5268A2DB5A374D5892 /* [CP] Check Pods Manifest.lock */ = {
			isa = PBXShellScriptBuildPhase;
			buildActionMask = 2147483647;
			files = (
			);
			inputPaths = (
				"${PODS_PODFILE_DIR_PATH}/Podfile.lock",
				"${PODS_ROOT}/Manifest.lock",
			);
			name = "[CP] Check Pods Manifest.lock";
			outputPaths = (
				"$(DERIVED_FILE_DIR)/Pods-musicAppUITests-checkManifestLockResult.txt",
			);
			runOnlyForDeploymentPostprocessing = 0;
			shellPath = /bin/sh;
			shellScript = "diff \"${PODS_PODFILE_DIR_PATH}/Podfile.lock\" \"${PODS_ROOT}/Manifest.lock\" > /dev/null\nif [ $? != 0 ] ; then\n    # print error to STDERR\n    echo \"error: The sandbox is not in sync with the Podfile.lock. Run 'pod install' or update your CocoaPods installation.\" >&2\n    exit 1\nfi\n# This output is used by Xcode 'outputs' to avoid re-running this script phase.\necho \"SUCCESS\" > \"${SCRIPT_OUTPUT_FILE_0}\"\n";
			showEnvVarsInLog = 0;
		};
/* End PBXShellScriptBuildPhase section */

/* Begin PBXSourcesBuildPhase section */
		F6B30EDB1F7786C000DAD8D6 /* Sources */ = {
			isa = PBXSourcesBuildPhase;
			buildActionMask = 2147483647;
			files = (
				F6B30F251F83A9A400DAD8D6 /* AppDelegate.swift in Sources */,
				F6B30EE51F7786C000DAD8D6 /* ViewController.swift in Sources */,
				F6B30F1B1F7CE85000DAD8D6 /* PostUrlViewController.swift in Sources */,
				F6B30EEB1F7786C000DAD8D6 /* musicApp.xcdatamodeld in Sources */,
				F6B30F151F79192E00DAD8D6 /* ArticleViewController.swift in Sources */,
				F6B30F1D1F80BA3D00DAD8D6 /* Article.swift in Sources */,
			);
			runOnlyForDeploymentPostprocessing = 0;
		};
		F6B30EF21F7786C000DAD8D6 /* Sources */ = {
			isa = PBXSourcesBuildPhase;
			buildActionMask = 2147483647;
			files = (
				F6B30F231F83A9A200DAD8D6 /* AppDelegate.swift in Sources */,
				F6B30EFB1F7786C000DAD8D6 /* musicAppTests.swift in Sources */,
			);
			runOnlyForDeploymentPostprocessing = 0;
		};
		F6B30EFD1F7786C000DAD8D6 /* Sources */ = {
			isa = PBXSourcesBuildPhase;
			buildActionMask = 2147483647;
			files = (
				F6B30F241F83A9A200DAD8D6 /* AppDelegate.swift in Sources */,
				F6B30F061F7786C000DAD8D6 /* musicAppUITests.swift in Sources */,
			);
			runOnlyForDeploymentPostprocessing = 0;
		};
/* End PBXSourcesBuildPhase section */

/* Begin PBXTargetDependency section */
		F6B30EF81F7786C000DAD8D6 /* PBXTargetDependency */ = {
			isa = PBXTargetDependency;
			target = F6B30EDE1F7786C000DAD8D6 /* musicApp */;
			targetProxy = F6B30EF71F7786C000DAD8D6 /* PBXContainerItemProxy */;
		};
		F6B30F031F7786C000DAD8D6 /* PBXTargetDependency */ = {
			isa = PBXTargetDependency;
			target = F6B30EDE1F7786C000DAD8D6 /* musicApp */;
			targetProxy = F6B30F021F7786C000DAD8D6 /* PBXContainerItemProxy */;
		};
/* End PBXTargetDependency section */

/* Begin PBXVariantGroup section */
		F6B30EE61F7786C000DAD8D6 /* Main.storyboard */ = {
			isa = PBXVariantGroup;
			children = (
				F6B30EE71F7786C000DAD8D6 /* Base */,
			);
			name = Main.storyboard;
			sourceTree = "<group>";
		};
		F6B30EEE1F7786C000DAD8D6 /* LaunchScreen.storyboard */ = {
			isa = PBXVariantGroup;
			children = (
				F6B30EEF1F7786C000DAD8D6 /* Base */,
			);
			name = LaunchScreen.storyboard;
			sourceTree = "<group>";
		};
/* End PBXVariantGroup section */

/* Begin XCBuildConfiguration section */
		F6B30F081F7786C100DAD8D6 /* Debug */ = {
			isa = XCBuildConfiguration;
			buildSettings = {
				ALWAYS_SEARCH_USER_PATHS = NO;
				CLANG_ANALYZER_NONNULL = YES;
				CLANG_ANALYZER_NUMBER_OBJECT_CONVERSION = YES_AGGRESSIVE;
				CLANG_CXX_LANGUAGE_STANDARD = "gnu++14";
				CLANG_CXX_LIBRARY = "libc++";
				CLANG_ENABLE_MODULES = YES;
				CLANG_ENABLE_OBJC_ARC = YES;
				CLANG_WARN_BLOCK_CAPTURE_AUTORELEASING = YES;
				CLANG_WARN_BOOL_CONVERSION = YES;
				CLANG_WARN_COMMA = YES;
				CLANG_WARN_CONSTANT_CONVERSION = YES;
				CLANG_WARN_DIRECT_OBJC_ISA_USAGE = YES_ERROR;
				CLANG_WARN_DOCUMENTATION_COMMENTS = YES;
				CLANG_WARN_EMPTY_BODY = YES;
				CLANG_WARN_ENUM_CONVERSION = YES;
				CLANG_WARN_INFINITE_RECURSION = YES;
				CLANG_WARN_INT_CONVERSION = YES;
				CLANG_WARN_NON_LITERAL_NULL_CONVERSION = YES;
				CLANG_WARN_OBJC_LITERAL_CONVERSION = YES;
				CLANG_WARN_OBJC_ROOT_CLASS = YES_ERROR;
				CLANG_WARN_RANGE_LOOP_ANALYSIS = YES;
				CLANG_WARN_STRICT_PROTOTYPES = YES;
				CLANG_WARN_SUSPICIOUS_MOVE = YES;
				CLANG_WARN_UNGUARDED_AVAILABILITY = YES_AGGRESSIVE;
				CLANG_WARN_UNREACHABLE_CODE = YES;
				CLANG_WARN__DUPLICATE_METHOD_MATCH = YES;
				CODE_SIGN_IDENTITY = "iPhone Developer";
				COPY_PHASE_STRIP = NO;
				DEBUG_INFORMATION_FORMAT = dwarf;
				ENABLE_STRICT_OBJC_MSGSEND = YES;
				ENABLE_TESTABILITY = YES;
				GCC_C_LANGUAGE_STANDARD = gnu11;
				GCC_DYNAMIC_NO_PIC = NO;
				GCC_NO_COMMON_BLOCKS = YES;
				GCC_OPTIMIZATION_LEVEL = 0;
				GCC_PREPROCESSOR_DEFINITIONS = (
					"DEBUG=1",
					"$(inherited)",
				);
				GCC_WARN_64_TO_32_BIT_CONVERSION = YES;
				GCC_WARN_ABOUT_RETURN_TYPE = YES_ERROR;
				GCC_WARN_UNDECLARED_SELECTOR = YES;
				GCC_WARN_UNINITIALIZED_AUTOS = YES_AGGRESSIVE;
				GCC_WARN_UNUSED_FUNCTION = YES;
				GCC_WARN_UNUSED_VARIABLE = YES;
				IPHONEOS_DEPLOYMENT_TARGET = 11.0;
				MTL_ENABLE_DEBUG_INFO = YES;
				ONLY_ACTIVE_ARCH = YES;
				SDKROOT = iphoneos;
				SWIFT_ACTIVE_COMPILATION_CONDITIONS = DEBUG;
				SWIFT_OPTIMIZATION_LEVEL = "-Onone";
			};
			name = Debug;
		};
		F6B30F091F7786C100DAD8D6 /* Release */ = {
			isa = XCBuildConfiguration;
			buildSettings = {
				ALWAYS_SEARCH_USER_PATHS = NO;
				CLANG_ANALYZER_NONNULL = YES;
				CLANG_ANALYZER_NUMBER_OBJECT_CONVERSION = YES_AGGRESSIVE;
				CLANG_CXX_LANGUAGE_STANDARD = "gnu++14";
				CLANG_CXX_LIBRARY = "libc++";
				CLANG_ENABLE_MODULES = YES;
				CLANG_ENABLE_OBJC_ARC = YES;
				CLANG_WARN_BLOCK_CAPTURE_AUTORELEASING = YES;
				CLANG_WARN_BOOL_CONVERSION = YES;
				CLANG_WARN_COMMA = YES;
				CLANG_WARN_CONSTANT_CONVERSION = YES;
				CLANG_WARN_DIRECT_OBJC_ISA_USAGE = YES_ERROR;
				CLANG_WARN_DOCUMENTATION_COMMENTS = YES;
				CLANG_WARN_EMPTY_BODY = YES;
				CLANG_WARN_ENUM_CONVERSION = YES;
				CLANG_WARN_INFINITE_RECURSION = YES;
				CLANG_WARN_INT_CONVERSION = YES;
				CLANG_WARN_NON_LITERAL_NULL_CONVERSION = YES;
				CLANG_WARN_OBJC_LITERAL_CONVERSION = YES;
				CLANG_WARN_OBJC_ROOT_CLASS = YES_ERROR;
				CLANG_WARN_RANGE_LOOP_ANALYSIS = YES;
				CLANG_WARN_STRICT_PROTOTYPES = YES;
				CLANG_WARN_SUSPICIOUS_MOVE = YES;
				CLANG_WARN_UNGUARDED_AVAILABILITY = YES_AGGRESSIVE;
				CLANG_WARN_UNREACHABLE_CODE = YES;
				CLANG_WARN__DUPLICATE_METHOD_MATCH = YES;
				CODE_SIGN_IDENTITY = "iPhone Developer";
				COPY_PHASE_STRIP = NO;
				DEBUG_INFORMATION_FORMAT = "dwarf-with-dsym";
				ENABLE_NS_ASSERTIONS = NO;
				ENABLE_STRICT_OBJC_MSGSEND = YES;
				GCC_C_LANGUAGE_STANDARD = gnu11;
				GCC_NO_COMMON_BLOCKS = YES;
				GCC_WARN_64_TO_32_BIT_CONVERSION = YES;
				GCC_WARN_ABOUT_RETURN_TYPE = YES_ERROR;
				GCC_WARN_UNDECLARED_SELECTOR = YES;
				GCC_WARN_UNINITIALIZED_AUTOS = YES_AGGRESSIVE;
				GCC_WARN_UNUSED_FUNCTION = YES;
				GCC_WARN_UNUSED_VARIABLE = YES;
				IPHONEOS_DEPLOYMENT_TARGET = 11.0;
				MTL_ENABLE_DEBUG_INFO = NO;
				SDKROOT = iphoneos;
				SWIFT_OPTIMIZATION_LEVEL = "-Owholemodule";
				VALIDATE_PRODUCT = YES;
			};
			name = Release;
		};
		F6B30F0B1F7786C100DAD8D6 /* Debug */ = {
			isa = XCBuildConfiguration;
			baseConfigurationReference = 4E9C53BEDC09CD0251A67C20 /* Pods-musicApp.debug.xcconfig */;
			buildSettings = {
				ASSETCATALOG_COMPILER_APPICON_NAME = AppIcon;
				CODE_SIGN_STYLE = Automatic;
				INFOPLIST_FILE = musicApp/Info.plist;
				LD_RUNPATH_SEARCH_PATHS = "$(inherited) @executable_path/Frameworks";
				PRODUCT_BUNDLE_IDENTIFIER = com.litech.musicApp;
				PRODUCT_NAME = "$(TARGET_NAME)";
				SWIFT_VERSION = 4.0;
				TARGETED_DEVICE_FAMILY = "1,2";
			};
			name = Debug;
		};
		F6B30F0C1F7786C100DAD8D6 /* Release */ = {
			isa = XCBuildConfiguration;
			baseConfigurationReference = FBB351DB8EE2E0D28DB8D72F /* Pods-musicApp.release.xcconfig */;
			buildSettings = {
				ASSETCATALOG_COMPILER_APPICON_NAME = AppIcon;
				CODE_SIGN_STYLE = Automatic;
				INFOPLIST_FILE = musicApp/Info.plist;
				LD_RUNPATH_SEARCH_PATHS = "$(inherited) @executable_path/Frameworks";
				PRODUCT_BUNDLE_IDENTIFIER = com.litech.musicApp;
				PRODUCT_NAME = "$(TARGET_NAME)";
				SWIFT_VERSION = 4.0;
				TARGETED_DEVICE_FAMILY = "1,2";
			};
			name = Release;
		};
		F6B30F0E1F7786C100DAD8D6 /* Debug */ = {
			isa = XCBuildConfiguration;
			baseConfigurationReference = A4C8331E9C3C15AA2F20B144 /* Pods-musicAppTests.debug.xcconfig */;
			buildSettings = {
				ALWAYS_EMBED_SWIFT_STANDARD_LIBRARIES = YES;
				BUNDLE_LOADER = "$(TEST_HOST)";
				CODE_SIGN_STYLE = Automatic;
				INFOPLIST_FILE = musicAppTests/Info.plist;
				LD_RUNPATH_SEARCH_PATHS = "$(inherited) @executable_path/Frameworks @loader_path/Frameworks";
				PRODUCT_BUNDLE_IDENTIFIER = com.litech.musicAppTests;
				PRODUCT_NAME = "$(TARGET_NAME)";
				SWIFT_VERSION = 4.0;
				TARGETED_DEVICE_FAMILY = "1,2";
				TEST_HOST = "$(BUILT_PRODUCTS_DIR)/musicApp.app/musicApp";
			};
			name = Debug;
		};
		F6B30F0F1F7786C100DAD8D6 /* Release */ = {
			isa = XCBuildConfiguration;
			baseConfigurationReference = 0A07639114DD22A439F73AB0 /* Pods-musicAppTests.release.xcconfig */;
			buildSettings = {
				ALWAYS_EMBED_SWIFT_STANDARD_LIBRARIES = YES;
				BUNDLE_LOADER = "$(TEST_HOST)";
				CODE_SIGN_STYLE = Automatic;
				INFOPLIST_FILE = musicAppTests/Info.plist;
				LD_RUNPATH_SEARCH_PATHS = "$(inherited) @executable_path/Frameworks @loader_path/Frameworks";
				PRODUCT_BUNDLE_IDENTIFIER = com.litech.musicAppTests;
				PRODUCT_NAME = "$(TARGET_NAME)";
				SWIFT_VERSION = 4.0;
				TARGETED_DEVICE_FAMILY = "1,2";
				TEST_HOST = "$(BUILT_PRODUCTS_DIR)/musicApp.app/musicApp";
			};
			name = Release;
		};
		F6B30F111F7786C100DAD8D6 /* Debug */ = {
			isa = XCBuildConfiguration;
			baseConfigurationReference = 14CEAA6CADC644B5FF4521CF /* Pods-musicAppUITests.debug.xcconfig */;
			buildSettings = {
				ALWAYS_EMBED_SWIFT_STANDARD_LIBRARIES = YES;
				CODE_SIGN_STYLE = Automatic;
				INFOPLIST_FILE = musicAppUITests/Info.plist;
				LD_RUNPATH_SEARCH_PATHS = "$(inherited) @executable_path/Frameworks @loader_path/Frameworks";
				PRODUCT_BUNDLE_IDENTIFIER = com.litech.musicAppUITests;
				PRODUCT_NAME = "$(TARGET_NAME)";
				SWIFT_VERSION = 4.0;
				TARGETED_DEVICE_FAMILY = "1,2";
				TEST_TARGET_NAME = musicApp;
			};
			name = Debug;
		};
		F6B30F121F7786C100DAD8D6 /* Release */ = {
			isa = XCBuildConfiguration;
			baseConfigurationReference = 2768DD0A6E2DEE5A8FC7E5A6 /* Pods-musicAppUITests.release.xcconfig */;
			buildSettings = {
				ALWAYS_EMBED_SWIFT_STANDARD_LIBRARIES = YES;
				CODE_SIGN_STYLE = Automatic;
				INFOPLIST_FILE = musicAppUITests/Info.plist;
				LD_RUNPATH_SEARCH_PATHS = "$(inherited) @executable_path/Frameworks @loader_path/Frameworks";
				PRODUCT_BUNDLE_IDENTIFIER = com.litech.musicAppUITests;
				PRODUCT_NAME = "$(TARGET_NAME)";
				SWIFT_VERSION = 4.0;
				TARGETED_DEVICE_FAMILY = "1,2";
				TEST_TARGET_NAME = musicApp;
			};
			name = Release;
		};
/* End XCBuildConfiguration section */

/* Begin XCConfigurationList section */
		F6B30EDA1F7786C000DAD8D6 /* Build configuration list for PBXProject "musicApp" */ = {
			isa = XCConfigurationList;
			buildConfigurations = (
				F6B30F081F7786C100DAD8D6 /* Debug */,
				F6B30F091F7786C100DAD8D6 /* Release */,
			);
			defaultConfigurationIsVisible = 0;
			defaultConfigurationName = Release;
		};
		F6B30F0A1F7786C100DAD8D6 /* Build configuration list for PBXNativeTarget "musicApp" */ = {
			isa = XCConfigurationList;
			buildConfigurations = (
				F6B30F0B1F7786C100DAD8D6 /* Debug */,
				F6B30F0C1F7786C100DAD8D6 /* Release */,
			);
			defaultConfigurationIsVisible = 0;
			defaultConfigurationName = Release;
		};
		F6B30F0D1F7786C100DAD8D6 /* Build configuration list for PBXNativeTarget "musicAppTests" */ = {
			isa = XCConfigurationList;
			buildConfigurations = (
				F6B30F0E1F7786C100DAD8D6 /* Debug */,
				F6B30F0F1F7786C100DAD8D6 /* Release */,
			);
			defaultConfigurationIsVisible = 0;
			defaultConfigurationName = Release;
		};
		F6B30F101F7786C100DAD8D6 /* Build configuration list for PBXNativeTarget "musicAppUITests" */ = {
			isa = XCConfigurationList;
			buildConfigurations = (
				F6B30F111F7786C100DAD8D6 /* Debug */,
				F6B30F121F7786C100DAD8D6 /* Release */,
			);
			defaultConfigurationIsVisible = 0;
			defaultConfigurationName = Release;
		};
/* End XCConfigurationList section */

/* Begin XCVersionGroup section */
		F6B30EE91F7786C000DAD8D6 /* musicApp.xcdatamodeld */ = {
			isa = XCVersionGroup;
			children = (
				F6B30EEA1F7786C000DAD8D6 /* musicApp.xcdatamodel */,
			);
			currentVersion = F6B30EEA1F7786C000DAD8D6 /* musicApp.xcdatamodel */;
			path = musicApp.xcdatamodeld;
			sourceTree = "<group>";
			versionGroupType = wrapper.xcdatamodel;
		};
/* End XCVersionGroup section */
	};
	rootObject = F6B30ED71F7786C000DAD8D6 /* Project object */;
}
